
Microsoft Visual Studio Solution File, Format Version 12.00
# Visual Studio Version 16
VisualStudioVersion = 16.0.31402.337
MinimumVisualStudioVersion = 10.0.40219.1
Project("{FAE04EC0-301F-11D3-BF4B-00C04F79EFBC}") = "FileReplacer", "FileReplacer\FileReplacer.csproj", "{2CBC90AD-55E1-46CC-AC31-8C3C31BBA6B4}"
EndProject
Global
	GlobalSection(SolutionConfigurationPlatforms) = preSolution
		Debug|Any CPU = Debug|Any CPU
		Release|Any CPU = Release|Any CPU
	EndGlobalSection
	GlobalSection(ProjectConfigurationPlatforms) = postSolution
		{2CBC90AD-55E1-46CC-AC31-8C3C31BBA6B4}.Debug|Any CPU.ActiveCfg = Debug|Any CPU
		{2CBC90AD-55E1-46CC-AC31-8C3C31BBA6B4}.Debug|Any CPU.Build.0 = Debug|Any CPU
		{2CBC90AD-55E1-46CC-AC31-8C3C31BBA6B4}.Release|Any CPU.ActiveCfg = Release|Any CPU
		{2CBC90AD-55E1-46CC-AC31-8C3C31BBA6B4}.Release|Any CPU.Build.0 = Release|Any CPU
	EndGlobalSection
	GlobalSection(SolutionProperties) = preSolution
		HideSolutionNode = FALSE
	EndGlobalSection
	GlobalSection(ExtensibilityGlobals) = postSolution
		SolutionGuid = {9D4B03BC-66A2-458E-9BDD-87523668AB35}
	EndGlobalSection
EndGlobal
